# Generated by pub
# See https://dart.dev/tools/pub/glossary#lockfile
#
# Fixture for the Action wrapper's verify workflow (e5-s1, reworked in
# e6-s2): pins a synthetic, in-repo fixture package
# (fixtures/sample_app/data/latest.json) that is always graded red under
# the CocoaPods deadline, so the Action's verify workflow proves a known
# blocker without depending on a real package's live status, which drifts
# as the nightly job and real-world plugin updates change it.
packages:
  fixture_blocked_plugin:
    dependency: "direct main"
    description:
      name: fixture_blocked_plugin
      sha256: "0000000000000000000000000000000000000000000000000000000000000"
      url: "https://pub.dev"
    source: hosted
    version: "1.0.0"
sdks:
  dart: ">=3.13.0 <4.0.0"
