# Generated by pub
# See https://dart.dev/tools/pub/glossary#lockfile
#
# Fixture for the Action wrapper's verify workflow (e5-s1 rework): pins a
# synthetic, in-repo fixture package (fixtures/sample_app/data/latest.json)
# that is always graded green, so the same workflow can prove the Action
# succeeds when there is no blocker, not only that it fails when there is
# one.
packages:
  fixture_green_plugin:
    dependency: "direct main"
    description:
      name: fixture_green_plugin
      sha256: "0000000000000000000000000000000000000000000000000000000000000"
      url: "https://pub.dev"
    source: hosted
    version: "1.0.0"
sdks:
  dart: ">=3.13.0 <4.0.0"
