# Generated by pub
# See https://dart.dev/tools/pub/glossary#lockfile
#
# Fixture for e5-s1 (Action wrapper): pins path_provider to the version
# currently graded red in data/latest.json (no Package.swift in the
# path_provider_foundation archive), so the GitHub Action fails on a real,
# known blocker without depending on an external sample repo.
packages:
  path_provider:
    dependency: "direct main"
    description:
      name: path_provider
      sha256: "1c2b95e2f625bff98c56ecdcc1687ebbec2f9013c9e1eb95c1a19d99a2e75f6"
      url: "https://pub.dev"
    source: hosted
    version: "2.1.6"
sdks:
  dart: ">=3.13.0 <4.0.0"
